
Microsoft Visual Studio Solution File, Format Version 12.00
# Visual Studio Version 17
VisualStudioVersion = 17.4.33122.133
MinimumVisualStudioVersion = 10.0.40219.1
Project("{9A19103F-16F7-4668-BE54-9A1E7A4F7556}") = "API", "API\API.csproj", "{33E0C8C7-52AE-4951-82EA-7CCA6A53810F}"
EndProject
Project("{9A19103F-16F7-4668-BE54-9A1E7A4F7556}") = "Logic", "Logic\Logic.csproj", "{B104DA49-3BDF-4452-886D-8C110A6475CB}"
EndProject
Project("{9A19103F-16F7-4668-BE54-9A1E7A4F7556}") = "Entities", "Entities\Entities.csproj", "{1A23C446-E2DE-49A1-8FD5-B0B6960A7D90}"
EndProject
Project("{9A19103F-16F7-4668-BE54-9A1E7A4F7556}") = "Data", "Data\Data.csproj", "{DBD741B1-B49A-4D52-BC3C-BFDB1C2786E0}"
EndProject
Project("{9A19103F-16F7-4668-BE54-9A1E7A4F7556}") = "Resources", "Resources\Resources.csproj", "{4E97A3F0-5C0C-47F8-9F15-8A1473FE6AC6}"
EndProject
Global
	GlobalSection(SolutionConfigurationPlatforms) = preSolution
		Debug|Any CPU = Debug|Any CPU
		Release|Any CPU = Release|Any CPU
	EndGlobalSection
	GlobalSection(ProjectConfigurationPlatforms) = postSolution
		{33E0C8C7-52AE-4951-82EA-7CCA6A53810F}.Debug|Any CPU.ActiveCfg = Debug|Any CPU
		{33E0C8C7-52AE-4951-82EA-7CCA6A53810F}.Debug|Any CPU.Build.0 = Debug|Any CPU
		{33E0C8C7-52AE-4951-82EA-7CCA6A53810F}.Release|Any CPU.ActiveCfg = Release|Any CPU
		{33E0C8C7-52AE-4951-82EA-7CCA6A53810F}.Release|Any CPU.Build.0 = Release|Any CPU
		{B104DA49-3BDF-4452-886D-8C110A6475CB}.Debug|Any CPU.ActiveCfg = Debug|Any CPU
		{B104DA49-3BDF-4452-886D-8C110A6475CB}.Debug|Any CPU.Build.0 = Debug|Any CPU
		{B104DA49-3BDF-4452-886D-8C110A6475CB}.Release|Any CPU.ActiveCfg = Release|Any CPU
		{B104DA49-3BDF-4452-886D-8C110A6475CB}.Release|Any CPU.Build.0 = Release|Any CPU
		{1A23C446-E2DE-49A1-8FD5-B0B6960A7D90}.Debug|Any CPU.ActiveCfg = Debug|Any CPU
		{1A23C446-E2DE-49A1-8FD5-B0B6960A7D90}.Debug|Any CPU.Build.0 = Debug|Any CPU
		{1A23C446-E2DE-49A1-8FD5-B0B6960A7D90}.Release|Any CPU.ActiveCfg = Release|Any CPU
		{1A23C446-E2DE-49A1-8FD5-B0B6960A7D90}.Release|Any CPU.Build.0 = Release|Any CPU
		{DBD741B1-B49A-4D52-BC3C-BFDB1C2786E0}.Debug|Any CPU.ActiveCfg = Debug|Any CPU
		{DBD741B1-B49A-4D52-BC3C-BFDB1C2786E0}.Debug|Any CPU.Build.0 = Debug|Any CPU
		{DBD741B1-B49A-4D52-BC3C-BFDB1C2786E0}.Release|Any CPU.ActiveCfg = Release|Any CPU
		{DBD741B1-B49A-4D52-BC3C-BFDB1C2786E0}.Release|Any CPU.Build.0 = Release|Any CPU
		{4E97A3F0-5C0C-47F8-9F15-8A1473FE6AC6}.Debug|Any CPU.ActiveCfg = Debug|Any CPU
		{4E97A3F0-5C0C-47F8-9F15-8A1473FE6AC6}.Debug|Any CPU.Build.0 = Debug|Any CPU
		{4E97A3F0-5C0C-47F8-9F15-8A1473FE6AC6}.Release|Any CPU.ActiveCfg = Release|Any CPU
		{4E97A3F0-5C0C-47F8-9F15-8A1473FE6AC6}.Release|Any CPU.Build.0 = Release|Any CPU
	EndGlobalSection
	GlobalSection(SolutionProperties) = preSolution
		HideSolutionNode = FALSE
	EndGlobalSection
	GlobalSection(ExtensibilityGlobals) = postSolution
		SolutionGuid = {61D6C545-A497-46D2-9D77-4949C82D276A}
	EndGlobalSection
EndGlobal
